Microsoft Visual Studio Solution File, Format Version 12.00
# Visual Studio 2012
Project("{FAE04EC0-301F-11D3-BF4B-00C04F79EFBC}") = "Godot3D", "Godot3D.csproj", "{185E130A-ACAD-4395-8C3B-692C5C1FE47D}"
EndProject
Global
	GlobalSection(SolutionConfigurationPlatforms) = preSolution
	Debug|Any CPU = Debug|Any CPU
	ExportDebug|Any CPU = ExportDebug|Any CPU
	ExportRelease|Any CPU = ExportRelease|Any CPU
	EndGlobalSection
	GlobalSection(ProjectConfigurationPlatforms) = postSolution
		{185E130A-ACAD-4395-8C3B-692C5C1FE47D}.Debug|Any CPU.ActiveCfg = Debug|Any CPU
		{185E130A-ACAD-4395-8C3B-692C5C1FE47D}.Debug|Any CPU.Build.0 = Debug|Any CPU
		{185E130A-ACAD-4395-8C3B-692C5C1FE47D}.ExportDebug|Any CPU.ActiveCfg = ExportDebug|Any CPU
		{185E130A-ACAD-4395-8C3B-692C5C1FE47D}.ExportDebug|Any CPU.Build.0 = ExportDebug|Any CPU
		{185E130A-ACAD-4395-8C3B-692C5C1FE47D}.ExportRelease|Any CPU.ActiveCfg = ExportRelease|Any CPU
		{185E130A-ACAD-4395-8C3B-692C5C1FE47D}.ExportRelease|Any CPU.Build.0 = ExportRelease|Any CPU
	EndGlobalSection
EndGlobal
